
Microsoft Visual Studio Solution File, Format Version 12.00
# Visual Studio Version 17
VisualStudioVersion = 17.4.33205.214
MinimumVisualStudioVersion = 10.0.40219.1
Project("{2150E333-8FDC-42A3-9474-1A3956D46DE8}") = "src", "src", "{2A913EE2-4E1F-4915-9AE3-11FB4C07CEC2}"
EndProject
Project("{9A19103F-16F7-4668-BE54-9A1E7A4F7556}") = "Domain", "src\Domain\Domain.csproj", "{314C9177-A09D-4329-BFE2-AEF7A22DF6C0}"
EndProject
Project("{9A19103F-16F7-4668-BE54-9A1E7A4F7556}") = "Infrastructure", "src\Infrastructure\Infrastructure.csproj", "{CD5C7209-C540-446E-8C51-761755BB8AD9}"
EndProject
Project("{9A19103F-16F7-4668-BE54-9A1E7A4F7556}") = "Presentation.WebAPI", "src\Presentation.WebAPI\Presentation.WebAPI.csproj", "{7BD87D9D-2F0A-4B61-8CA6-B71ADF2BCFDC}"
EndProject
Global
	GlobalSection(SolutionConfigurationPlatforms) = preSolution
		Debug|Any CPU = Debug|Any CPU
		Release|Any CPU = Release|Any CPU
	EndGlobalSection
	GlobalSection(ProjectConfigurationPlatforms) = postSolution
		{314C9177-A09D-4329-BFE2-AEF7A22DF6C0}.Debug|Any CPU.ActiveCfg = Debug|Any CPU
		{314C9177-A09D-4329-BFE2-AEF7A22DF6C0}.Debug|Any CPU.Build.0 = Debug|Any CPU
		{314C9177-A09D-4329-BFE2-AEF7A22DF6C0}.Release|Any CPU.ActiveCfg = Release|Any CPU
		{314C9177-A09D-4329-BFE2-AEF7A22DF6C0}.Release|Any CPU.Build.0 = Release|Any CPU
		{CD5C7209-C540-446E-8C51-761755BB8AD9}.Debug|Any CPU.ActiveCfg = Debug|Any CPU
		{CD5C7209-C540-446E-8C51-761755BB8AD9}.Debug|Any CPU.Build.0 = Debug|Any CPU
		{CD5C7209-C540-446E-8C51-761755BB8AD9}.Release|Any CPU.ActiveCfg = Release|Any CPU
		{CD5C7209-C540-446E-8C51-761755BB8AD9}.Release|Any CPU.Build.0 = Release|Any CPU
		{7BD87D9D-2F0A-4B61-8CA6-B71ADF2BCFDC}.Debug|Any CPU.ActiveCfg = Debug|Any CPU
		{7BD87D9D-2F0A-4B61-8CA6-B71ADF2BCFDC}.Debug|Any CPU.Build.0 = Debug|Any CPU
		{7BD87D9D-2F0A-4B61-8CA6-B71ADF2BCFDC}.Release|Any CPU.ActiveCfg = Release|Any CPU
		{7BD87D9D-2F0A-4B61-8CA6-B71ADF2BCFDC}.Release|Any CPU.Build.0 = Release|Any CPU
	EndGlobalSection
	GlobalSection(SolutionProperties) = preSolution
		HideSolutionNode = FALSE
	EndGlobalSection
	GlobalSection(NestedProjects) = preSolution
		{314C9177-A09D-4329-BFE2-AEF7A22DF6C0} = {2A913EE2-4E1F-4915-9AE3-11FB4C07CEC2}
		{CD5C7209-C540-446E-8C51-761755BB8AD9} = {2A913EE2-4E1F-4915-9AE3-11FB4C07CEC2}
		{7BD87D9D-2F0A-4B61-8CA6-B71ADF2BCFDC} = {2A913EE2-4E1F-4915-9AE3-11FB4C07CEC2}
	EndGlobalSection
	GlobalSection(ExtensibilityGlobals) = postSolution
		SolutionGuid = {1E0B6D94-6C49-4767-B778-13A207525A0D}
	EndGlobalSection
EndGlobal
